// !$*UTF8*$!
{
	archiveVersion = 1;
	classes = {
	};
	objectVersion = 50;
	objects = {

/* Begin PBXBuildFile section */
		FC95C1C925B7E2DC002E733C /* AppDelegate.swift in Sources */ = {isa = PBXBuildFile; fileRef = FC95C1C825B7E2DC002E733C /* AppDelegate.swift */; };
		FC95C1CB25B7E2DC002E733C /* SceneDelegate.swift in Sources */ = {isa = PBXBuildFile; fileRef = FC95C1CA25B7E2DC002E733C /* SceneDelegate.swift */; };
		FC95C1CD25B7E2DC002E733C /* ViewController.swift in Sources */ = {isa = PBXBuildFile; fileRef = FC95C1CC25B7E2DC002E733C /* ViewController.swift */; };
		FC95C1D025B7E2DC002E733C /* Main.storyboard in Resources */ = {isa = PBXBuildFile; fileRef = FC95C1CE25B7E2DC002E733C /* Main.storyboard */; };
		FC95C1D225B7E2DE002E733C /* Assets.xcassets in Resources */ = {isa = PBXBuildFile; fileRef = FC95C1D125B7E2DE002E733C /* Assets.xcassets */; };
		FC95C1D525B7E2DE002E733C /* LaunchScreen.storyboard in Resources */ = {isa = PBXBuildFile; fileRef = FC95C1D325B7E2DE002E733C /* LaunchScreen.storyboard */; };
/* End PBXBuildFile section */

/* Begin PBXFileReference section */
		FC95C1C525B7E2DC002E733C /* ScheduleTracker.app */ = {isa = PBXFileReference; explicitFileType = wrapper.application; includeInIndex = 0; path = ScheduleTracker.app; sourceTree = BUILT_PRODUCTS_DIR; };
		FC95C1C825B7E2DC002E733C /* AppDelegate.swift */ = {isa = PBXFileReference; lastKnownFileType = sourcecode.swift; path = AppDelegate.swift; sourceTree = "<group>"; };
		FC95C1CA25B7E2DC002E733C /* SceneDelegate.swift */ = {isa = PBXFileReference; lastKnownFileType = sourcecode.swift; path = SceneDelegate.swift; sourceTree = "<group>"; };
		FC95C1CC25B7E2DC002E733C /* ViewController.swift */ = {isa = PBXFileReference; lastKnownFileType = sourcecode.swift; path = ViewController.swift; sourceTree = "<group>"; };
		FC95C1CF25B7E2DC002E733C /* Base */ = {isa = PBXFileReference; lastKnownFileType = file.storyboard; name = Base; path = Base.lproj/Main.storyboard; sourceTree = "<group>"; };
		FC95C1D125B7E2DE002E733C /* Assets.xcassets */ = {isa = PBXFileReference; lastKnownFileType = folder.assetcatalog; path = Assets.xcassets; sourceTree = "<group>"; };
		FC95C1D425B7E2DE002E733C /* Base */ = {isa = PBXFileReference; lastKnownFileType = file.storyboard; name = Base; path = Base.lproj/LaunchScreen.storyboard; sourceTree = "<group>"; };
		FC95C1D625B7E2DE002E733C /* Info.plist */ = {isa = PBXFileReference; lastKnownFileType = text.plist.xml; path = Info.plist; sourceTree = "<group>"; };
/* End PBXFileReference section */

/* Begin PBXFrameworksBuildPhase section */
		FC95C1C225B7E2DC002E733C /* Frameworks */ = {
			isa = PBXFrameworksBuildPhase;
			buildActionMask = 2147483647;
			files = (
			);
			runOnlyForDeploymentPostprocessing = 0;
		};
/* End PBXFrameworksBuildPhase section */

/* Begin PBXGroup section */
		FC95C1BC25B7E2DC002E733C = {
			isa = PBXGroup;
			children = (
				FC95C1C725B7E2DC002E733C /* ScheduleTracker */,
				FC95C1C625B7E2DC002E733C /* Products */,
			);
			sourceTree = "<group>";
		};
		FC95C1C625B7E2DC002E733C /* Products */ = {
			isa = PBXGroup;
			children = (
				FC95C1C525B7E2DC002E733C /* ScheduleTracker.app */,
			);
			name = Products;
			sourceTree = "<group>";
		};
		FC95C1C725B7E2DC002E733C /* ScheduleTracker */ = {
			isa = PBXGroup;
			children = (
				FC95C1C825B7E2DC002E733C /* AppDelegate.swift */,
				FC95C1CA25B7E2DC002E733C /* SceneDelegate.swift */,
				FC95C1CC25B7E2DC002E733C /* ViewController.swift */,
				FC95C1CE25B7E2DC002E733C /* Main.storyboard */,
				FC95C1D125B7E2DE002E733C /* Assets.xcassets */,
				FC95C1D325B7E2DE002E733C /* LaunchScreen.storyboard */,
				FC95C1D625B7E2DE002E733C /* Info.plist */,
			);
			path = ScheduleTracker;
			sourceTree = "<group>";
		};
/* End PBXGroup section */

/* Begin PBXNativeTarget section */
		FC95C1C425B7E2DC002E733C /* ScheduleTracker */ = {
			isa = PBXNativeTarget;
			buildConfigurationList = FC95C1D925B7E2DE002E733C /* Build configuration list for PBXNativeTarget "ScheduleTracker" */;
			buildPhases = (
				FC95C1C125B7E2DC002E733C /* Sources */,
				FC95C1C225B7E2DC002E733C /* Frameworks */,
				FC95C1C325B7E2DC002E733C /* Resources */,
			);
			buildRules = (
			);
			dependencies = (
			);
			name = ScheduleTracker;
			productName = ScheduleTracker;
			productReference = FC95C1C525B7E2DC002E733C /* ScheduleTracker.app */;
			productType = "com.apple.product-type.application";
		};
/* End PBXNativeTarget section */

/* Begin PBXProject section */
		FC95C1BD25B7E2DC002E733C /* Project object */ = {
			isa = PBXProject;
			attributes = {
				LastSwiftUpdateCheck = 1200;
				LastUpgradeCheck = 1200;
				TargetAttributes = {
					FC95C1C425B7E2DC002E733C = {
						CreatedOnToolsVersion = 12.0;
					};
				};
			};
			buildConfigurationList = FC95C1C025B7E2DC002E733C /* Build configuration list for PBXProject "ScheduleTracker" */;
			compatibilityVersion = "Xcode 9.3";
			developmentRegion = en;
			hasScannedForEncodings = 0;
			knownRegions = (
				en,
				Base,
			);
			mainGroup = FC95C1BC25B7E2DC002E733C;
			productRefGroup = FC95C1C625B7E2DC002E733C /* Products */;
			projectDirPath = "";
			projectRoot = "";
			targets = (
				FC95C1C425B7E2DC002E733C /* ScheduleTracker */,
			);
		};
/* End PBXProject section */

/* Begin PBXResourcesBuildPhase section */
		FC95C1C325B7E2DC002E733C /* Resources */ = {
			isa = PBXResourcesBuildPhase;
			buildActionMask = 2147483647;
			files = (
				FC95C1D525B7E2DE002E733C /* LaunchScreen.storyboard in Resources */,
				FC95C1D225B7E2DE002E733C /* Assets.xcassets in Resources */,
				FC95C1D025B7E2DC002E733C /* Main.storyboard in Resources */,
			);
			runOnlyForDeploymentPostprocessing = 0;
		};
/* End PBXResourcesBuildPhase section */

/* Begin PBXSourcesBuildPhase section */
		FC95C1C125B7E2DC002E733C /* Sources */ = {
			isa = PBXSourcesBuildPhase;
			buildActionMask = 2147483647;
			files = (
				FC95C1CD25B7E2DC002E733C /* ViewController.swift in Sources */,
				FC95C1C925B7E2DC002E733C /* AppDelegate.swift in Sources */,
				FC95C1CB25B7E2DC002E733C /* SceneDelegate.swift in Sources */,
			);
			runOnlyForDeploymentPostprocessing = 0;
		};
/* End PBXSourcesBuildPhase section */

/* Begin PBXVariantGroup section */
		FC95C1CE25B7E2DC002E733C /* Main.storyboard */ = {
			isa = PBXVariantGroup;
			children = (
				FC95C1CF25B7E2DC002E733C /* Base */,
			);
			name = Main.storyboard;
			sourceTree = "<group>";
		};
		FC95C1D325B7E2DE002E733C /* LaunchScreen.storyboard */ = {
			isa = PBXVariantGroup;
			children = (
				FC95C1D425B7E2DE002E733C /* Base */,
			);
			name = LaunchScreen.storyboard;
			sourceTree = "<group>";
		};
/* End PBXVariantGroup section */

/* Begin XCBuildConfiguration section */
		FC95C1D725B7E2DE002E733C /* Debug */ = {
			isa = XCBuildConfiguration;
			buildSettings = {
				ALWAYS_SEARCH_USER_PATHS = NO;
				CLANG_ANALYZER_NONNULL = YES;
				CLANG_ANALYZER_NUMBER_OBJECT_CONVERSION = YES_AGGRESSIVE;
				CLANG_CXX_LANGUAGE_STANDARD = "gnu++14";
				CLANG_CXX_LIBRARY = "libc++";
				CLANG_ENABLE_MODULES = YES;
				CLANG_ENABLE_OBJC_ARC = YES;
				CLANG_ENABLE_OBJC_WEAK = YES;
				CLANG_WARN_BLOCK_CAPTURE_AUTORELEASING = YES;
				CLANG_WARN_BOOL_CONVERSION = YES;
				CLANG_WARN_COMMA = YES;
				CLANG_WARN_CONSTANT_CONVERSION = YES;
				CLANG_WARN_DEPRECATED_OBJC_IMPLEMENTATIONS = YES;
				CLANG_WARN_DIRECT_OBJC_ISA_USAGE = YES_ERROR;
				CLANG_WARN_DOCUMENTATION_COMMENTS = YES;
				CLANG_WARN_EMPTY_BODY = YES;
				CLANG_WARN_ENUM_CONVERSION = YES;
				CLANG_WARN_INFINITE_RECURSION = YES;
				CLANG_WARN_INT_CONVERSION = YES;
				CLANG_WARN_NON_LITERAL_NULL_CONVERSION = YES;
				CLANG_WARN_OBJC_IMPLICIT_RETAIN_SELF = YES;
				CLANG_WARN_OBJC_LITERAL_CONVERSION = YES;
				CLANG_WARN_OBJC_ROOT_CLASS = YES_ERROR;
				CLANG_WARN_QUOTED_INCLUDE_IN_FRAMEWORK_HEADER = YES;
				CLANG_WARN_RANGE_LOOP_ANALYSIS = YES;
				CLANG_WARN_STRICT_PROTOTYPES = YES;
				CLANG_WARN_SUSPICIOUS_MOVE = YES;
				CLANG_WARN_UNGUARDED_AVAILABILITY = YES_AGGRESSIVE;
				CLANG_WARN_UNREACHABLE_CODE = YES;
				CLANG_WARN__DUPLICATE_METHOD_MATCH = YES;
				COPY_PHASE_STRIP = NO;
				DEBUG_INFORMATION_FORMAT = dwarf;
				ENABLE_STRICT_OBJC_MSGSEND = YES;
				ENABLE_TESTABILITY = YES;
				GCC_C_LANGUAGE_STANDARD = gnu11;
				GCC_DYNAMIC_NO_PIC = NO;
				GCC_NO_COMMON_BLOCKS = YES;
				GCC_OPTIMIZATION_LEVEL = 0;
				GCC_PREPROCESSOR_DEFINITIONS = (
					"DEBUG=1",
					"$(inherited)",
				);
				GCC_WARN_64_TO_32_BIT_CONVERSION = YES;
				GCC_WARN_ABOUT_RETURN_TYPE = YES_ERROR;
				GCC_WARN_UNDECLARED_SELECTOR = YES;
				GCC_WARN_UNINITIALIZED_AUTOS = YES_AGGRESSIVE;
				GCC_WARN_UNUSED_FUNCTION = YES;
				GCC_WARN_UNUSED_VARIABLE = YES;
				IPHONEOS_DEPLOYMENT_TARGET = 14.0;
				MTL_ENABLE_DEBUG_INFO = INCLUDE_SOURCE;
				MTL_FAST_MATH = YES;
				ONLY_ACTIVE_ARCH = YES;
				SDKROOT = iphoneos;
				SWIFT_ACTIVE_COMPILATION_CONDITIONS = DEBUG;
				SWIFT_OPTIMIZATION_LEVEL = "-Onone";
			};
			name = Debug;
		};
		FC95C1D825B7E2DE002E733C /* Release */ = {
			isa = XCBuildConfiguration;
			buildSettings = {
				ALWAYS_SEARCH_USER_PATHS = NO;
				CLANG_ANALYZER_NONNULL = YES;
				CLANG_ANALYZER_NUMBER_OBJECT_CONVERSION = YES_AGGRESSIVE;
				CLANG_CXX_LANGUAGE_STANDARD = "gnu++14";
				CLANG_CXX_LIBRARY = "libc++";
				CLANG_ENABLE_MODULES = YES;
				CLANG_ENABLE_OBJC_ARC = YES;
				CLANG_ENABLE_OBJC_WEAK = YES;
				CLANG_WARN_BLOCK_CAPTURE_AUTORELEASING = YES;
				CLANG_WARN_BOOL_CONVERSION = YES;
				CLANG_WARN_COMMA = YES;
				CLANG_WARN_CONSTANT_CONVERSION = YES;
				CLANG_WARN_DEPRECATED_OBJC_IMPLEMENTATIONS = YES;
				CLANG_WARN_DIRECT_OBJC_ISA_USAGE = YES_ERROR;
				CLANG_WARN_DOCUMENTATION_COMMENTS = YES;
				CLANG_WARN_EMPTY_BODY = YES;
				CLANG_WARN_ENUM_CONVERSION = YES;
				CLANG_WARN_INFINITE_RECURSION = YES;
				CLANG_WARN_INT_CONVERSION = YES;
				CLANG_WARN_NON_LITERAL_NULL_CONVERSION = YES;
				CLANG_WARN_OBJC_IMPLICIT_RETAIN_SELF = YES;
				CLANG_WARN_OBJC_LITERAL_CONVERSION = YES;
				CLANG_WARN_OBJC_ROOT_CLASS = YES_ERROR;
				CLANG_WARN_QUOTED_INCLUDE_IN_FRAMEWORK_HEADER = YES;
				CLANG_WARN_RANGE_LOOP_ANALYSIS = YES;
				CLANG_WARN_STRICT_PROTOTYPES = YES;
				CLANG_WARN_SUSPICIOUS_MOVE = YES;
				CLANG_WARN_UNGUARDED_AVAILABILITY = YES_AGGRESSIVE;
				CLANG_WARN_UNREACHABLE_CODE = YES;
				CLANG_WARN__DUPLICATE_METHOD_MATCH = YES;
				COPY_PHASE_STRIP = NO;
				DEBUG_INFORMATION_FORMAT = "dwarf-with-dsym";
				ENABLE_NS_ASSERTIONS = NO;
				ENABLE_STRICT_OBJC_MSGSEND = YES;
				GCC_C_LANGUAGE_STANDARD = gnu11;
				GCC_NO_COMMON_BLOCKS = YES;
				GCC_WARN_64_TO_32_BIT_CONVERSION = YES;
				GCC_WARN_ABOUT_RETURN_TYPE = YES_ERROR;
				GCC_WARN_UNDECLARED_SELECTOR = YES;
				GCC_WARN_UNINITIALIZED_AUTOS = YES_AGGRESSIVE;
				GCC_WARN_UNUSED_FUNCTION = YES;
				GCC_WARN_UNUSED_VARIABLE = YES;
				IPHONEOS_DEPLOYMENT_TARGET = 14.0;
				MTL_ENABLE_DEBUG_INFO = NO;
				MTL_FAST_MATH = YES;
				SDKROOT = iphoneos;
				SWIFT_COMPILATION_MODE = wholemodule;
				SWIFT_OPTIMIZATION_LEVEL = "-O";
				VALIDATE_PRODUCT = YES;
			};
			name = Release;
		};
		FC95C1DA25B7E2DE002E733C /* Debug */ = {
			isa = XCBuildConfiguration;
			buildSettings = {
				ASSETCATALOG_COMPILER_APPICON_NAME = AppIcon;
				ASSETCATALOG_COMPILER_GLOBAL_ACCENT_COLOR_NAME = AccentColor;
				CODE_SIGN_STYLE = Automatic;
				INFOPLIST_FILE = ScheduleTracker/Info.plist;
				LD_RUNPATH_SEARCH_PATHS = (
					"$(inherited)",
					"@executable_path/Frameworks",
				);
				PRODUCT_BUNDLE_IDENTIFIER = com.example.userrecord.ScheduleTracker;
				PRODUCT_NAME = "$(TARGET_NAME)";
				SWIFT_VERSION = 5.0;
				TARGETED_DEVICE_FAMILY = "1,2";
			};
			name = Debug;
		};
		FC95C1DB25B7E2DE002E733C /* Release */ = {
			isa = XCBuildConfiguration;
			buildSettings = {
				ASSETCATALOG_COMPILER_APPICON_NAME = AppIcon;
				ASSETCATALOG_COMPILER_GLOBAL_ACCENT_COLOR_NAME = AccentColor;
				CODE_SIGN_STYLE = Automatic;
				INFOPLIST_FILE = ScheduleTracker/Info.plist;
				LD_RUNPATH_SEARCH_PATHS = (
					"$(inherited)",
					"@executable_path/Frameworks",
				);
				PRODUCT_BUNDLE_IDENTIFIER = com.example.userrecord.ScheduleTracker;
				PRODUCT_NAME = "$(TARGET_NAME)";
				SWIFT_VERSION = 5.0;
				TARGETED_DEVICE_FAMILY = "1,2";
			};
			name = Release;
		};
/* End XCBuildConfiguration section */

/* Begin XCConfigurationList section */
		FC95C1C025B7E2DC002E733C /* Build configuration list for PBXProject "ScheduleTracker" */ = {
			isa = XCConfigurationList;
			buildConfigurations = (
				FC95C1D725B7E2DE002E733C /* Debug */,
				FC95C1D825B7E2DE002E733C /* Release */,
			);
			defaultConfigurationIsVisible = 0;
			defaultConfigurationName = Release;
		};
		FC95C1D925B7E2DE002E733C /* Build configuration list for PBXNativeTarget "ScheduleTracker" */ = {
			isa = XCConfigurationList;
			buildConfigurations = (
				FC95C1DA25B7E2DE002E733C /* Debug */,
				FC95C1DB25B7E2DE002E733C /* Release */,
			);
			defaultConfigurationIsVisible = 0;
			defaultConfigurationName = Release;
		};
/* End XCConfigurationList section */
	};
	rootObject = FC95C1BD25B7E2DC002E733C /* Project object */;
}
